
Microsoft Visual Studio Solution File, Format Version 12.00
# Visual Studio Version 16
VisualStudioVersion = 16.0.29201.188
MinimumVisualStudioVersion = 10.0.40219.1
Project("{9A19103F-16F7-4668-BE54-9A1E7A4F7556}") = "TesApi", "TesApi\TesApi.csproj", "{58F5703B-E3A7-4373-B589-494DF87BDB85}"
EndProject
Project("{FAE04EC0-301F-11D3-BF4B-00C04F79EFBC}") = "Entities", "Entities\Entities.csproj", "{1D127FF7-5115-4AF4-A6CB-0BCEDBCC63C5}"
EndProject
Project("{FAE04EC0-301F-11D3-BF4B-00C04F79EFBC}") = "Repository", "Repository\Repository.csproj", "{A01AFEB9-893D-42D8-8572-0AD2573CD39F}"
EndProject
Project("{FAE04EC0-301F-11D3-BF4B-00C04F79EFBC}") = "Contract", "Contract\Contract.csproj", "{D7486B69-0961-409F-AB0D-E8D1BF2D0531}"
EndProject
Project("{FAE04EC0-301F-11D3-BF4B-00C04F79EFBC}") = "LoggerServices", "LoggerServices\LoggerServices.csproj", "{3C917D39-CACA-4F54-A0F9-31E9BDF7DA20}"
EndProject
Global
	GlobalSection(SolutionConfigurationPlatforms) = preSolution
		Debug|Any CPU = Debug|Any CPU
		Release|Any CPU = Release|Any CPU
	EndGlobalSection
	GlobalSection(ProjectConfigurationPlatforms) = postSolution
		{58F5703B-E3A7-4373-B589-494DF87BDB85}.Debug|Any CPU.ActiveCfg = Debug|Any CPU
		{58F5703B-E3A7-4373-B589-494DF87BDB85}.Debug|Any CPU.Build.0 = Debug|Any CPU
		{58F5703B-E3A7-4373-B589-494DF87BDB85}.Release|Any CPU.ActiveCfg = Release|Any CPU
		{58F5703B-E3A7-4373-B589-494DF87BDB85}.Release|Any CPU.Build.0 = Release|Any CPU
		{1D127FF7-5115-4AF4-A6CB-0BCEDBCC63C5}.Debug|Any CPU.ActiveCfg = Debug|Any CPU
		{1D127FF7-5115-4AF4-A6CB-0BCEDBCC63C5}.Debug|Any CPU.Build.0 = Debug|Any CPU
		{1D127FF7-5115-4AF4-A6CB-0BCEDBCC63C5}.Release|Any CPU.ActiveCfg = Release|Any CPU
		{1D127FF7-5115-4AF4-A6CB-0BCEDBCC63C5}.Release|Any CPU.Build.0 = Release|Any CPU
		{A01AFEB9-893D-42D8-8572-0AD2573CD39F}.Debug|Any CPU.ActiveCfg = Debug|Any CPU
		{A01AFEB9-893D-42D8-8572-0AD2573CD39F}.Debug|Any CPU.Build.0 = Debug|Any CPU
		{A01AFEB9-893D-42D8-8572-0AD2573CD39F}.Release|Any CPU.ActiveCfg = Release|Any CPU
		{A01AFEB9-893D-42D8-8572-0AD2573CD39F}.Release|Any CPU.Build.0 = Release|Any CPU
		{D7486B69-0961-409F-AB0D-E8D1BF2D0531}.Debug|Any CPU.ActiveCfg = Debug|Any CPU
		{D7486B69-0961-409F-AB0D-E8D1BF2D0531}.Debug|Any CPU.Build.0 = Debug|Any CPU
		{D7486B69-0961-409F-AB0D-E8D1BF2D0531}.Release|Any CPU.ActiveCfg = Release|Any CPU
		{D7486B69-0961-409F-AB0D-E8D1BF2D0531}.Release|Any CPU.Build.0 = Release|Any CPU
		{3C917D39-CACA-4F54-A0F9-31E9BDF7DA20}.Debug|Any CPU.ActiveCfg = Debug|Any CPU
		{3C917D39-CACA-4F54-A0F9-31E9BDF7DA20}.Debug|Any CPU.Build.0 = Debug|Any CPU
		{3C917D39-CACA-4F54-A0F9-31E9BDF7DA20}.Release|Any CPU.ActiveCfg = Release|Any CPU
		{3C917D39-CACA-4F54-A0F9-31E9BDF7DA20}.Release|Any CPU.Build.0 = Release|Any CPU
	EndGlobalSection
	GlobalSection(SolutionProperties) = preSolution
		HideSolutionNode = FALSE
	EndGlobalSection
	GlobalSection(ExtensibilityGlobals) = postSolution
		SolutionGuid = {9C55F148-19C0-4C5F-B744-185D0AE132C1}
	EndGlobalSection
EndGlobal
